// !$*UTF8*$!
{
	archiveVersion = 1;
	classes = {
	};
	objectVersion = 50;
	objects = {

/* Begin PBXBuildFile section */
		3C60B8312223994000E0D56A /* AppDelegate.swift in Sources */ = {isa = PBXBuildFile; fileRef = 3C60B8302223994000E0D56A /* AppDelegate.swift */; };
		3C60B8332223994000E0D56A /* ViewController.swift in Sources */ = {isa = PBXBuildFile; fileRef = 3C60B8322223994000E0D56A /* ViewController.swift */; };
		3C60B8362223994000E0D56A /* Main.storyboard in Resources */ = {isa = PBXBuildFile; fileRef = 3C60B8342223994000E0D56A /* Main.storyboard */; };
		3C60B8392223994000E0D56A /* TwitterApp.xcdatamodeld in Sources */ = {isa = PBXBuildFile; fileRef = 3C60B8372223994000E0D56A /* TwitterApp.xcdatamodeld */; };
		3C60B83B2223994200E0D56A /* Assets.xcassets in Resources */ = {isa = PBXBuildFile; fileRef = 3C60B83A2223994200E0D56A /* Assets.xcassets */; };
		3C60B83E2223994200E0D56A /* LaunchScreen.storyboard in Resources */ = {isa = PBXBuildFile; fileRef = 3C60B83C2223994200E0D56A /* LaunchScreen.storyboard */; };
		3C60B8492223994200E0D56A /* TwitterAppTests.swift in Sources */ = {isa = PBXBuildFile; fileRef = 3C60B8482223994200E0D56A /* TwitterAppTests.swift */; };
		3C60B8542223994200E0D56A /* TwitterAppUITests.swift in Sources */ = {isa = PBXBuildFile; fileRef = 3C60B8532223994200E0D56A /* TwitterAppUITests.swift */; };
/* End PBXBuildFile section */

/* Begin PBXContainerItemProxy section */
		3C60B8452223994200E0D56A /* PBXContainerItemProxy */ = {
			isa = PBXContainerItemProxy;
			containerPortal = 3C60B8252223994000E0D56A /* Project object */;
			proxyType = 1;
			remoteGlobalIDString = 3C60B82C2223994000E0D56A;
			remoteInfo = TwitterApp;
		};
		3C60B8502223994200E0D56A /* PBXContainerItemProxy */ = {
			isa = PBXContainerItemProxy;
			containerPortal = 3C60B8252223994000E0D56A /* Project object */;
			proxyType = 1;
			remoteGlobalIDString = 3C60B82C2223994000E0D56A;
			remoteInfo = TwitterApp;
		};
/* End PBXContainerItemProxy section */

/* Begin PBXFileReference section */
		3C60B82D2223994000E0D56A /* TwitterApp.app */ = {isa = PBXFileReference; explicitFileType = wrapper.application; includeInIndex = 0; path = TwitterApp.app; sourceTree = BUILT_PRODUCTS_DIR; };
		3C60B8302223994000E0D56A /* AppDelegate.swift */ = {isa = PBXFileReference; lastKnownFileType = sourcecode.swift; path = AppDelegate.swift; sourceTree = "<group>"; };
		3C60B8322223994000E0D56A /* ViewController.swift */ = {isa = PBXFileReference; lastKnownFileType = sourcecode.swift; path = ViewController.swift; sourceTree = "<group>"; };
		3C60B8352223994000E0D56A /* Base */ = {isa = PBXFileReference; lastKnownFileType = file.storyboard; name = Base; path = Base.lproj/Main.storyboard; sourceTree = "<group>"; };
		3C60B8382223994000E0D56A /* TwitterApp.xcdatamodel */ = {isa = PBXFileReference; lastKnownFileType = wrapper.xcdatamodel; path = TwitterApp.xcdatamodel; sourceTree = "<group>"; };
		3C60B83A2223994200E0D56A /* Assets.xcassets */ = {isa = PBXFileReference; lastKnownFileType = folder.assetcatalog; path = Assets.xcassets; sourceTree = "<group>"; };
		3C60B83D2223994200E0D56A /* Base */ = {isa = PBXFileReference; lastKnownFileType = file.storyboard; name = Base; path = Base.lproj/LaunchScreen.storyboard; sourceTree = "<group>"; };
		3C60B83F2223994200E0D56A /* Info.plist */ = {isa = PBXFileReference; lastKnownFileType = text.plist.xml; path = Info.plist; sourceTree = "<group>"; };
		3C60B8442223994200E0D56A /* TwitterAppTests.xctest */ = {isa = PBXFileReference; explicitFileType = wrapper.cfbundle; includeInIndex = 0; path = TwitterAppTests.xctest; sourceTree = BUILT_PRODUCTS_DIR; };
		3C60B8482223994200E0D56A /* TwitterAppTests.swift */ = {isa = PBXFileReference; lastKnownFileType = sourcecode.swift; path = TwitterAppTests.swift; sourceTree = "<group>"; };
		3C60B84A2223994200E0D56A /* Info.plist */ = {isa = PBXFileReference; lastKnownFileType = text.plist.xml; path = Info.plist; sourceTree = "<group>"; };
		3C60B84F2223994200E0D56A /* TwitterAppUITests.xctest */ = {isa = PBXFileReference; explicitFileType = wrapper.cfbundle; includeInIndex = 0; path = TwitterAppUITests.xctest; sourceTree = BUILT_PRODUCTS_DIR; };
		3C60B8532223994200E0D56A /* TwitterAppUITests.swift */ = {isa = PBXFileReference; lastKnownFileType = sourcecode.swift; path = TwitterAppUITests.swift; sourceTree = "<group>"; };
		3C60B8552223994200E0D56A /* Info.plist */ = {isa = PBXFileReference; lastKnownFileType = text.plist.xml; path = Info.plist; sourceTree = "<group>"; };
/* End PBXFileReference section */

/* Begin PBXFrameworksBuildPhase section */
		3C60B82A2223994000E0D56A /* Frameworks */ = {
			isa = PBXFrameworksBuildPhase;
			buildActionMask = 2147483647;
			files = (
			);
			runOnlyForDeploymentPostprocessing = 0;
		};
		3C60B8412223994200E0D56A /* Frameworks */ = {
			isa = PBXFrameworksBuildPhase;
			buildActionMask = 2147483647;
			files = (
			);
			runOnlyForDeploymentPostprocessing = 0;
		};
		3C60B84C2223994200E0D56A /* Frameworks */ = {
			isa = PBXFrameworksBuildPhase;
			buildActionMask = 2147483647;
			files = (
			);
			runOnlyForDeploymentPostprocessing = 0;
		};
/* End PBXFrameworksBuildPhase section */

/* Begin PBXGroup section */
		3C60B8242223993F00E0D56A = {
			isa = PBXGroup;
			children = (
				3C60B82F2223994000E0D56A /* TwitterApp */,
				3C60B8472223994200E0D56A /* TwitterAppTests */,
				3C60B8522223994200E0D56A /* TwitterAppUITests */,
				3C60B82E2223994000E0D56A /* Products */,
			);
			sourceTree = "<group>";
		};
		3C60B82E2223994000E0D56A /* Products */ = {
			isa = PBXGroup;
			children = (
				3C60B82D2223994000E0D56A /* TwitterApp.app */,
				3C60B8442223994200E0D56A /* TwitterAppTests.xctest */,
				3C60B84F2223994200E0D56A /* TwitterAppUITests.xctest */,
			);
			name = Products;
			sourceTree = "<group>";
		};
		3C60B82F2223994000E0D56A /* TwitterApp */ = {
			isa = PBXGroup;
			children = (
				3C60B8302223994000E0D56A /* AppDelegate.swift */,
				3C60B8322223994000E0D56A /* ViewController.swift */,
				3C60B8342223994000E0D56A /* Main.storyboard */,
				3C60B83A2223994200E0D56A /* Assets.xcassets */,
				3C60B83C2223994200E0D56A /* LaunchScreen.storyboard */,
				3C60B83F2223994200E0D56A /* Info.plist */,
				3C60B8372223994000E0D56A /* TwitterApp.xcdatamodeld */,
			);
			path = TwitterApp;
			sourceTree = "<group>";
		};
		3C60B8472223994200E0D56A /* TwitterAppTests */ = {
			isa = PBXGroup;
			children = (
				3C60B8482223994200E0D56A /* TwitterAppTests.swift */,
				3C60B84A2223994200E0D56A /* Info.plist */,
			);
			path = TwitterAppTests;
			sourceTree = "<group>";
		};
		3C60B8522223994200E0D56A /* TwitterAppUITests */ = {
			isa = PBXGroup;
			children = (
				3C60B8532223994200E0D56A /* TwitterAppUITests.swift */,
				3C60B8552223994200E0D56A /* Info.plist */,
			);
			path = TwitterAppUITests;
			sourceTree = "<group>";
		};
/* End PBXGroup section */

/* Begin PBXNativeTarget section */
		3C60B82C2223994000E0D56A /* TwitterApp */ = {
			isa = PBXNativeTarget;
			buildConfigurationList = 3C60B8582223994200E0D56A /* Build configuration list for PBXNativeTarget "TwitterApp" */;
			buildPhases = (
				3C60B8292223994000E0D56A /* Sources */,
				3C60B82A2223994000E0D56A /* Frameworks */,
				3C60B82B2223994000E0D56A /* Resources */,
			);
			buildRules = (
			);
			dependencies = (
			);
			name = TwitterApp;
			productName = TwitterApp;
			productReference = 3C60B82D2223994000E0D56A /* TwitterApp.app */;
			productType = "com.apple.product-type.application";
		};
		3C60B8432223994200E0D56A /* TwitterAppTests */ = {
			isa = PBXNativeTarget;
			buildConfigurationList = 3C60B85B2223994200E0D56A /* Build configuration list for PBXNativeTarget "TwitterAppTests" */;
			buildPhases = (
				3C60B8402223994200E0D56A /* Sources */,
				3C60B8412223994200E0D56A /* Frameworks */,
				3C60B8422223994200E0D56A /* Resources */,
			);
			buildRules = (
			);
			dependencies = (
				3C60B8462223994200E0D56A /* PBXTargetDependency */,
			);
			name = TwitterAppTests;
			productName = TwitterAppTests;
			productReference = 3C60B8442223994200E0D56A /* TwitterAppTests.xctest */;
			productType = "com.apple.product-type.bundle.unit-test";
		};
		3C60B84E2223994200E0D56A /* TwitterAppUITests */ = {
			isa = PBXNativeTarget;
			buildConfigurationList = 3C60B85E2223994200E0D56A /* Build configuration list for PBXNativeTarget "TwitterAppUITests" */;
			buildPhases = (
				3C60B84B2223994200E0D56A /* Sources */,
				3C60B84C2223994200E0D56A /* Frameworks */,
				3C60B84D2223994200E0D56A /* Resources */,
			);
			buildRules = (
			);
			dependencies = (
				3C60B8512223994200E0D56A /* PBXTargetDependency */,
			);
			name = TwitterAppUITests;
			productName = TwitterAppUITests;
			productReference = 3C60B84F2223994200E0D56A /* TwitterAppUITests.xctest */;
			productType = "com.apple.product-type.bundle.ui-testing";
		};
/* End PBXNativeTarget section */

/* Begin PBXProject section */
		3C60B8252223994000E0D56A /* Project object */ = {
			isa = PBXProject;
			attributes = {
				LastSwiftUpdateCheck = 1010;
				LastUpgradeCheck = 1010;
				ORGANIZATIONNAME = preyansh;
				TargetAttributes = {
					3C60B82C2223994000E0D56A = {
						CreatedOnToolsVersion = 10.1;
					};
					3C60B8432223994200E0D56A = {
						CreatedOnToolsVersion = 10.1;
						TestTargetID = 3C60B82C2223994000E0D56A;
					};
					3C60B84E2223994200E0D56A = {
						CreatedOnToolsVersion = 10.1;
						TestTargetID = 3C60B82C2223994000E0D56A;
					};
				};
			};
			buildConfigurationList = 3C60B8282223994000E0D56A /* Build configuration list for PBXProject "TwitterApp" */;
			compatibilityVersion = "Xcode 9.3";
			developmentRegion = en;
			hasScannedForEncodings = 0;
			knownRegions = (
				en,
				Base,
			);
			mainGroup = 3C60B8242223993F00E0D56A;
			productRefGroup = 3C60B82E2223994000E0D56A /* Products */;
			projectDirPath = "";
			projectRoot = "";
			targets = (
				3C60B82C2223994000E0D56A /* TwitterApp */,
				3C60B8432223994200E0D56A /* TwitterAppTests */,
				3C60B84E2223994200E0D56A /* TwitterAppUITests */,
			);
		};
/* End PBXProject section */

/* Begin PBXResourcesBuildPhase section */
		3C60B82B2223994000E0D56A /* Resources */ = {
			isa = PBXResourcesBuildPhase;
			buildActionMask = 2147483647;
			files = (
				3C60B83E2223994200E0D56A /* LaunchScreen.storyboard in Resources */,
				3C60B83B2223994200E0D56A /* Assets.xcassets in Resources */,
				3C60B8362223994000E0D56A /* Main.storyboard in Resources */,
			);
			runOnlyForDeploymentPostprocessing = 0;
		};
		3C60B8422223994200E0D56A /* Resources */ = {
			isa = PBXResourcesBuildPhase;
			buildActionMask = 2147483647;
			files = (
			);
			runOnlyForDeploymentPostprocessing = 0;
		};
		3C60B84D2223994200E0D56A /* Resources */ = {
			isa = PBXResourcesBuildPhase;
			buildActionMask = 2147483647;
			files = (
			);
			runOnlyForDeploymentPostprocessing = 0;
		};
/* End PBXResourcesBuildPhase section */

/* Begin PBXSourcesBuildPhase section */
		3C60B8292223994000E0D56A /* Sources */ = {
			isa = PBXSourcesBuildPhase;
			buildActionMask = 2147483647;
			files = (
				3C60B8392223994000E0D56A /* TwitterApp.xcdatamodeld in Sources */,
				3C60B8332223994000E0D56A /* ViewController.swift in Sources */,
				3C60B8312223994000E0D56A /* AppDelegate.swift in Sources */,
			);
			runOnlyForDeploymentPostprocessing = 0;
		};
		3C60B8402223994200E0D56A /* Sources */ = {
			isa = PBXSourcesBuildPhase;
			buildActionMask = 2147483647;
			files = (
				3C60B8492223994200E0D56A /* TwitterAppTests.swift in Sources */,
			);
			runOnlyForDeploymentPostprocessing = 0;
		};
		3C60B84B2223994200E0D56A /* Sources */ = {
			isa = PBXSourcesBuildPhase;
			buildActionMask = 2147483647;
			files = (
				3C60B8542223994200E0D56A /* TwitterAppUITests.swift in Sources */,
			);
			runOnlyForDeploymentPostprocessing = 0;
		};
/* End PBXSourcesBuildPhase section */

/* Begin PBXTargetDependency section */
		3C60B8462223994200E0D56A /* PBXTargetDependency */ = {
			isa = PBXTargetDependency;
			target = 3C60B82C2223994000E0D56A /* TwitterApp */;
			targetProxy = 3C60B8452223994200E0D56A /* PBXContainerItemProxy */;
		};
		3C60B8512223994200E0D56A /* PBXTargetDependency */ = {
			isa = PBXTargetDependency;
			target = 3C60B82C2223994000E0D56A /* TwitterApp */;
			targetProxy = 3C60B8502223994200E0D56A /* PBXContainerItemProxy */;
		};
/* End PBXTargetDependency section */

/* Begin PBXVariantGroup section */
		3C60B8342223994000E0D56A /* Main.storyboard */ = {
			isa = PBXVariantGroup;
			children = (
				3C60B8352223994000E0D56A /* Base */,
			);
			name = Main.storyboard;
			sourceTree = "<group>";
		};
		3C60B83C2223994200E0D56A /* LaunchScreen.storyboard */ = {
			isa = PBXVariantGroup;
			children = (
				3C60B83D2223994200E0D56A /* Base */,
			);
			name = LaunchScreen.storyboard;
			sourceTree = "<group>";
		};
/* End PBXVariantGroup section */

/* Begin XCBuildConfiguration section */
		3C60B8562223994200E0D56A /* Debug */ = {
			isa = XCBuildConfiguration;
			buildSettings = {
				ALWAYS_SEARCH_USER_PATHS = NO;
				CLANG_ANALYZER_NONNULL = YES;
				CLANG_ANALYZER_NUMBER_OBJECT_CONVERSION = YES_AGGRESSIVE;
				CLANG_CXX_LANGUAGE_STANDARD = "gnu++14";
				CLANG_CXX_LIBRARY = "libc++";
				CLANG_ENABLE_MODULES = YES;
				CLANG_ENABLE_OBJC_ARC = YES;
				CLANG_ENABLE_OBJC_WEAK = YES;
				CLANG_WARN_BLOCK_CAPTURE_AUTORELEASING = YES;
				CLANG_WARN_BOOL_CONVERSION = YES;
				CLANG_WARN_COMMA = YES;
				CLANG_WARN_CONSTANT_CONVERSION = YES;
				CLANG_WARN_DEPRECATED_OBJC_IMPLEMENTATIONS = YES;
				CLANG_WARN_DIRECT_OBJC_ISA_USAGE = YES_ERROR;
				CLANG_WARN_DOCUMENTATION_COMMENTS = YES;
				CLANG_WARN_EMPTY_BODY = YES;
				CLANG_WARN_ENUM_CONVERSION = YES;
				CLANG_WARN_INFINITE_RECURSION = YES;
				CLANG_WARN_INT_CONVERSION = YES;
				CLANG_WARN_NON_LITERAL_NULL_CONVERSION = YES;
				CLANG_WARN_OBJC_IMPLICIT_RETAIN_SELF = YES;
				CLANG_WARN_OBJC_LITERAL_CONVERSION = YES;
				CLANG_WARN_OBJC_ROOT_CLASS = YES_ERROR;
				CLANG_WARN_RANGE_LOOP_ANALYSIS = YES;
				CLANG_WARN_STRICT_PROTOTYPES = YES;
				CLANG_WARN_SUSPICIOUS_MOVE = YES;
				CLANG_WARN_UNGUARDED_AVAILABILITY = YES_AGGRESSIVE;
				CLANG_WARN_UNREACHABLE_CODE = YES;
				CLANG_WARN__DUPLICATE_METHOD_MATCH = YES;
				CODE_SIGN_IDENTITY = "iPhone Developer";
				COPY_PHASE_STRIP = NO;
				DEBUG_INFORMATION_FORMAT = dwarf;
				ENABLE_STRICT_OBJC_MSGSEND = YES;
				ENABLE_TESTABILITY = YES;
				GCC_C_LANGUAGE_STANDARD = gnu11;
				GCC_DYNAMIC_NO_PIC = NO;
				GCC_NO_COMMON_BLOCKS = YES;
				GCC_OPTIMIZATION_LEVEL = 0;
				GCC_PREPROCESSOR_DEFINITIONS = (
					"DEBUG=1",
					"$(inherited)",
				);
				GCC_WARN_64_TO_32_BIT_CONVERSION = YES;
				GCC_WARN_ABOUT_RETURN_TYPE = YES_ERROR;
				GCC_WARN_UNDECLARED_SELECTOR = YES;
				GCC_WARN_UNINITIALIZED_AUTOS = YES_AGGRESSIVE;
				GCC_WARN_UNUSED_FUNCTION = YES;
				GCC_WARN_UNUSED_VARIABLE = YES;
				IPHONEOS_DEPLOYMENT_TARGET = 12.1;
				MTL_ENABLE_DEBUG_INFO = INCLUDE_SOURCE;
				MTL_FAST_MATH = YES;
				ONLY_ACTIVE_ARCH = YES;
				SDKROOT = iphoneos;
				SWIFT_ACTIVE_COMPILATION_CONDITIONS = DEBUG;
				SWIFT_OPTIMIZATION_LEVEL = "-Onone";
			};
			name = Debug;
		};
		3C60B8572223994200E0D56A /* Release */ = {
			isa = XCBuildConfiguration;
			buildSettings = {
				ALWAYS_SEARCH_USER_PATHS = NO;
				CLANG_ANALYZER_NONNULL = YES;
				CLANG_ANALYZER_NUMBER_OBJECT_CONVERSION = YES_AGGRESSIVE;
				CLANG_CXX_LANGUAGE_STANDARD = "gnu++14";
				CLANG_CXX_LIBRARY = "libc++";
				CLANG_ENABLE_MODULES = YES;
				CLANG_ENABLE_OBJC_ARC = YES;
				CLANG_ENABLE_OBJC_WEAK = YES;
				CLANG_WARN_BLOCK_CAPTURE_AUTORELEASING = YES;
				CLANG_WARN_BOOL_CONVERSION = YES;
				CLANG_WARN_COMMA = YES;
				CLANG_WARN_CONSTANT_CONVERSION = YES;
				CLANG_WARN_DEPRECATED_OBJC_IMPLEMENTATIONS = YES;
				CLANG_WARN_DIRECT_OBJC_ISA_USAGE = YES_ERROR;
				CLANG_WARN_DOCUMENTATION_COMMENTS = YES;
				CLANG_WARN_EMPTY_BODY = YES;
				CLANG_WARN_ENUM_CONVERSION = YES;
				CLANG_WARN_INFINITE_RECURSION = YES;
				CLANG_WARN_INT_CONVERSION = YES;
				CLANG_WARN_NON_LITERAL_NULL_CONVERSION = YES;
				CLANG_WARN_OBJC_IMPLICIT_RETAIN_SELF = YES;
				CLANG_WARN_OBJC_LITERAL_CONVERSION = YES;
				CLANG_WARN_OBJC_ROOT_CLASS = YES_ERROR;
				CLANG_WARN_RANGE_LOOP_ANALYSIS = YES;
				CLANG_WARN_STRICT_PROTOTYPES = YES;
				CLANG_WARN_SUSPICIOUS_MOVE = YES;
				CLANG_WARN_UNGUARDED_AVAILABILITY = YES_AGGRESSIVE;
				CLANG_WARN_UNREACHABLE_CODE = YES;
				CLANG_WARN__DUPLICATE_METHOD_MATCH = YES;
				CODE_SIGN_IDENTITY = "iPhone Developer";
				COPY_PHASE_STRIP = NO;
				DEBUG_INFORMATION_FORMAT = "dwarf-with-dsym";
				ENABLE_NS_ASSERTIONS = NO;
				ENABLE_STRICT_OBJC_MSGSEND = YES;
				GCC_C_LANGUAGE_STANDARD = gnu11;
				GCC_NO_COMMON_BLOCKS = YES;
				GCC_WARN_64_TO_32_BIT_CONVERSION = YES;
				GCC_WARN_ABOUT_RETURN_TYPE = YES_ERROR;
				GCC_WARN_UNDECLARED_SELECTOR = YES;
				GCC_WARN_UNINITIALIZED_AUTOS = YES_AGGRESSIVE;
				GCC_WARN_UNUSED_FUNCTION = YES;
				GCC_WARN_UNUSED_VARIABLE = YES;
				IPHONEOS_DEPLOYMENT_TARGET = 12.1;
				MTL_ENABLE_DEBUG_INFO = NO;
				MTL_FAST_MATH = YES;
				SDKROOT = iphoneos;
				SWIFT_COMPILATION_MODE = wholemodule;
				SWIFT_OPTIMIZATION_LEVEL = "-O";
				VALIDATE_PRODUCT = YES;
			};
			name = Release;
		};
		3C60B8592223994200E0D56A /* Debug */ = {
			isa = XCBuildConfiguration;
			buildSettings = {
				ASSETCATALOG_COMPILER_APPICON_NAME = AppIcon;
				CODE_SIGN_STYLE = Automatic;
				DEVELOPMENT_TEAM = "";
				INFOPLIST_FILE = TwitterApp/Info.plist;
				LD_RUNPATH_SEARCH_PATHS = (
					"$(inherited)",
					"@executable_path/Frameworks",
				);
				PRODUCT_BUNDLE_IDENTIFIER = abc.TwitterApp;
				PRODUCT_NAME = "$(TARGET_NAME)";
				SWIFT_VERSION = 4.2;
				TARGETED_DEVICE_FAMILY = "1,2";
			};
			name = Debug;
		};
		3C60B85A2223994200E0D56A /* Release */ = {
			isa = XCBuildConfiguration;
			buildSettings = {
				ASSETCATALOG_COMPILER_APPICON_NAME = AppIcon;
				CODE_SIGN_STYLE = Automatic;
				DEVELOPMENT_TEAM = "";
				INFOPLIST_FILE = TwitterApp/Info.plist;
				LD_RUNPATH_SEARCH_PATHS = (
					"$(inherited)",
					"@executable_path/Frameworks",
				);
				PRODUCT_BUNDLE_IDENTIFIER = abc.TwitterApp;
				PRODUCT_NAME = "$(TARGET_NAME)";
				SWIFT_VERSION = 4.2;
				TARGETED_DEVICE_FAMILY = "1,2";
			};
			name = Release;
		};
		3C60B85C2223994200E0D56A /* Debug */ = {
			isa = XCBuildConfiguration;
			buildSettings = {
				ALWAYS_EMBED_SWIFT_STANDARD_LIBRARIES = YES;
				BUNDLE_LOADER = "$(TEST_HOST)";
				CODE_SIGN_STYLE = Automatic;
				INFOPLIST_FILE = TwitterAppTests/Info.plist;
				LD_RUNPATH_SEARCH_PATHS = (
					"$(inherited)",
					"@executable_path/Frameworks",
					"@loader_path/Frameworks",
				);
				PRODUCT_BUNDLE_IDENTIFIER = abc.TwitterAppTests;
				PRODUCT_NAME = "$(TARGET_NAME)";
				SWIFT_VERSION = 4.2;
				TARGETED_DEVICE_FAMILY = "1,2";
				TEST_HOST = "$(BUILT_PRODUCTS_DIR)/TwitterApp.app/TwitterApp";
			};
			name = Debug;
		};
		3C60B85D2223994200E0D56A /* Release */ = {
			isa = XCBuildConfiguration;
			buildSettings = {
				ALWAYS_EMBED_SWIFT_STANDARD_LIBRARIES = YES;
				BUNDLE_LOADER = "$(TEST_HOST)";
				CODE_SIGN_STYLE = Automatic;
				INFOPLIST_FILE = TwitterAppTests/Info.plist;
				LD_RUNPATH_SEARCH_PATHS = (
					"$(inherited)",
					"@executable_path/Frameworks",
					"@loader_path/Frameworks",
				);
				PRODUCT_BUNDLE_IDENTIFIER = abc.TwitterAppTests;
				PRODUCT_NAME = "$(TARGET_NAME)";
				SWIFT_VERSION = 4.2;
				TARGETED_DEVICE_FAMILY = "1,2";
				TEST_HOST = "$(BUILT_PRODUCTS_DIR)/TwitterApp.app/TwitterApp";
			};
			name = Release;
		};
		3C60B85F2223994200E0D56A /* Debug */ = {
			isa = XCBuildConfiguration;
			buildSettings = {
				ALWAYS_EMBED_SWIFT_STANDARD_LIBRARIES = YES;
				CODE_SIGN_STYLE = Automatic;
				INFOPLIST_FILE = TwitterAppUITests/Info.plist;
				LD_RUNPATH_SEARCH_PATHS = (
					"$(inherited)",
					"@executable_path/Frameworks",
					"@loader_path/Frameworks",
				);
				PRODUCT_BUNDLE_IDENTIFIER = abc.TwitterAppUITests;
				PRODUCT_NAME = "$(TARGET_NAME)";
				SWIFT_VERSION = 4.2;
				TARGETED_DEVICE_FAMILY = "1,2";
				TEST_TARGET_NAME = TwitterApp;
			};
			name = Debug;
		};
		3C60B8602223994200E0D56A /* Release */ = {
			isa = XCBuildConfiguration;
			buildSettings = {
				ALWAYS_EMBED_SWIFT_STANDARD_LIBRARIES = YES;
				CODE_SIGN_STYLE = Automatic;
				INFOPLIST_FILE = TwitterAppUITests/Info.plist;
				LD_RUNPATH_SEARCH_PATHS = (
					"$(inherited)",
					"@executable_path/Frameworks",
					"@loader_path/Frameworks",
				);
				PRODUCT_BUNDLE_IDENTIFIER = abc.TwitterAppUITests;
				PRODUCT_NAME = "$(TARGET_NAME)";
				SWIFT_VERSION = 4.2;
				TARGETED_DEVICE_FAMILY = "1,2";
				TEST_TARGET_NAME = TwitterApp;
			};
			name = Release;
		};
/* End XCBuildConfiguration section */

/* Begin XCConfigurationList section */
		3C60B8282223994000E0D56A /* Build configuration list for PBXProject "TwitterApp" */ = {
			isa = XCConfigurationList;
			buildConfigurations = (
				3C60B8562223994200E0D56A /* Debug */,
				3C60B8572223994200E0D56A /* Release */,
			);
			defaultConfigurationIsVisible = 0;
			defaultConfigurationName = Release;
		};
		3C60B8582223994200E0D56A /* Build configuration list for PBXNativeTarget "TwitterApp" */ = {
			isa = XCConfigurationList;
			buildConfigurations = (
				3C60B8592223994200E0D56A /* Debug */,
				3C60B85A2223994200E0D56A /* Release */,
			);
			defaultConfigurationIsVisible = 0;
			defaultConfigurationName = Release;
		};
		3C60B85B2223994200E0D56A /* Build configuration list for PBXNativeTarget "TwitterAppTests" */ = {
			isa = XCConfigurationList;
			buildConfigurations = (
				3C60B85C2223994200E0D56A /* Debug */,
				3C60B85D2223994200E0D56A /* Release */,
			);
			defaultConfigurationIsVisible = 0;
			defaultConfigurationName = Release;
		};
		3C60B85E2223994200E0D56A /* Build configuration list for PBXNativeTarget "TwitterAppUITests" */ = {
			isa = XCConfigurationList;
			buildConfigurations = (
				3C60B85F2223994200E0D56A /* Debug */,
				3C60B8602223994200E0D56A /* Release */,
			);
			defaultConfigurationIsVisible = 0;
			defaultConfigurationName = Release;
		};
/* End XCConfigurationList section */

/* Begin XCVersionGroup section */
		3C60B8372223994000E0D56A /* TwitterApp.xcdatamodeld */ = {
			isa = XCVersionGroup;
			children = (
				3C60B8382223994000E0D56A /* TwitterApp.xcdatamodel */,
			);
			currentVersion = 3C60B8382223994000E0D56A /* TwitterApp.xcdatamodel */;
			path = TwitterApp.xcdatamodeld;
			sourceTree = "<group>";
			versionGroupType = wrapper.xcdatamodel;
		};
/* End XCVersionGroup section */
	};
	rootObject = 3C60B8252223994000E0D56A /* Project object */;
}
